
Microsoft Visual Studio Solution File, Format Version 12.00
# Visual Studio Version 17
VisualStudioVersion = 17.9.34728.123
MinimumVisualStudioVersion = 10.0.40219.1
Project("{FAE04EC0-301F-11D3-BF4B-00C04F79EFBC}") = "CafeMS", "CafeMS\CafeMS.csproj", "{A443D8AE-7727-43FB-A635-9D4729ED98F0}"
EndProject
Global
	GlobalSection(SolutionConfigurationPlatforms) = preSolution
		Debug|Any CPU = Debug|Any CPU
		Release|Any CPU = Release|Any CPU
	EndGlobalSection
	GlobalSection(ProjectConfigurationPlatforms) = postSolution
		{A443D8AE-7727-43FB-A635-9D4729ED98F0}.Debug|Any CPU.ActiveCfg = Debug|Any CPU
		{A443D8AE-7727-43FB-A635-9D4729ED98F0}.Debug|Any CPU.Build.0 = Debug|Any CPU
		{A443D8AE-7727-43FB-A635-9D4729ED98F0}.Release|Any CPU.ActiveCfg = Release|Any CPU
		{A443D8AE-7727-43FB-A635-9D4729ED98F0}.Release|Any CPU.Build.0 = Release|Any CPU
	EndGlobalSection
	GlobalSection(SolutionProperties) = preSolution
		HideSolutionNode = FALSE
	EndGlobalSection
	GlobalSection(ExtensibilityGlobals) = postSolution
		SolutionGuid = {EF9FE100-5253-4CCD-BC5D-46F7FA666FA4}
	EndGlobalSection
EndGlobal
